
Microsoft Visual Studio Solution File, Format Version 12.00
# Visual Studio Version 16
VisualStudioVersion = 16.0.30114.105
MinimumVisualStudioVersion = 10.0.40219.1
Project("{FAE04EC0-301F-11D3-BF4B-00C04F79EFBC}") = "KitapEvi.NtpVize", "KitapEvi.NtpVize\KitapEvi.NtpVize.csproj", "{38DE8BCE-B363-4716-ABEE-11DE33D13F43}"
EndProject
Global
	GlobalSection(SolutionConfigurationPlatforms) = preSolution
		Debug|Any CPU = Debug|Any CPU
		Release|Any CPU = Release|Any CPU
	EndGlobalSection
	GlobalSection(ProjectConfigurationPlatforms) = postSolution
		{38DE8BCE-B363-4716-ABEE-11DE33D13F43}.Debug|Any CPU.ActiveCfg = Debug|Any CPU
		{38DE8BCE-B363-4716-ABEE-11DE33D13F43}.Debug|Any CPU.Build.0 = Debug|Any CPU
		{38DE8BCE-B363-4716-ABEE-11DE33D13F43}.Release|Any CPU.ActiveCfg = Release|Any CPU
		{38DE8BCE-B363-4716-ABEE-11DE33D13F43}.Release|Any CPU.Build.0 = Release|Any CPU
	EndGlobalSection
	GlobalSection(SolutionProperties) = preSolution
		HideSolutionNode = FALSE
	EndGlobalSection
	GlobalSection(ExtensibilityGlobals) = postSolution
		SolutionGuid = {18617B9C-D13F-4867-9EC9-FB73389487BC}
	EndGlobalSection
EndGlobal
